Microsoft Visual Studio Solution File, Format Version 11.00
# Visual Studio 2010
Project("{E097FAD1-6243-4DAD-9C02-E9B9EFC3FFC1}") = "Zenject", "Zenject.csproj", "{01fea55e-58bb-8ba0-785a-d8abe146a1c2}"
EndProject
Project("{E097FAD1-6243-4DAD-9C02-E9B9EFC3FFC1}") = "Assembly-CSharp", "Assembly-CSharp.csproj", "{a8293932-4614-54a5-45d2-21e2cba50564}"
EndProject
Project("{E097FAD1-6243-4DAD-9C02-E9B9EFC3FFC1}") = "Zenject-Editor", "Zenject-Editor.csproj", "{b4fbc67c-2283-2892-e5ed-018cc23c6caf}"
EndProject
Project("{E097FAD1-6243-4DAD-9C02-E9B9EFC3FFC1}") = "Assembly-CSharp-Editor-firstpass", "Assembly-CSharp-Editor-firstpass.csproj", "{6fc184b7-da8d-07ed-0a07-482026cabbc8}"
EndProject
Global
	GlobalSection(SolutionConfigurationPlatforms) = preSolution
		Debug|Any CPU = Debug|Any CPU
	EndGlobalSection
	GlobalSection(ProjectConfigurationPlatforms) = postSolution
		{01fea55e-58bb-8ba0-785a-d8abe146a1c2}.Debug|Any CPU.ActiveCfg = Debug|Any CPU
		{01fea55e-58bb-8ba0-785a-d8abe146a1c2}.Debug|Any CPU.Build.0 = Debug|Any CPU
		{a8293932-4614-54a5-45d2-21e2cba50564}.Debug|Any CPU.ActiveCfg = Debug|Any CPU
		{a8293932-4614-54a5-45d2-21e2cba50564}.Debug|Any CPU.Build.0 = Debug|Any CPU
		{b4fbc67c-2283-2892-e5ed-018cc23c6caf}.Debug|Any CPU.ActiveCfg = Debug|Any CPU
		{b4fbc67c-2283-2892-e5ed-018cc23c6caf}.Debug|Any CPU.Build.0 = Debug|Any CPU
		{6fc184b7-da8d-07ed-0a07-482026cabbc8}.Debug|Any CPU.ActiveCfg = Debug|Any CPU
		{6fc184b7-da8d-07ed-0a07-482026cabbc8}.Debug|Any CPU.Build.0 = Debug|Any CPU
	EndGlobalSection
	GlobalSection(SolutionProperties) = preSolution
		HideSolutionNode = FALSE
	EndGlobalSection
EndGlobal
